PODS:
  - Flutter (1.0.0)
  - libphonenumber_plugin (0.0.1):
    - Flutter
    - PhoneNumberKit
  - PhoneNumberKit (3.6.6):
    - PhoneNumberKit/PhoneNumberKitCore (= 3.6.6)
    - PhoneNumberKit/UIKit (= 3.6.6)
  - PhoneNumberKit/PhoneNumberKitCore (3.6.6)
  - PhoneNumberKit/UIKit (3.6.6):
    - PhoneNumberKit/PhoneNumberKitCore

DEPENDENCIES:
  - Flutter (from `Flutter`)
  - libphonenumber_plugin (from `.symlinks/plugins/libphonenumber_plugin/ios`)

SPEC REPOS:
  trunk:
    - PhoneNumberKit

EXTERNAL SOURCES:
  Flutter:
    :path: Flutter
  libphonenumber_plugin:
    :path: ".symlinks/plugins/libphonenumber_plugin/ios"

SPEC CHECKSUMS:
  Flutter: f04841e97a9d0b0a8025694d0796dd46242b2854
  libphonenumber_plugin: e8a7d64a6624a7c25f2c4ab0b7ead2a8e341e35e
  PhoneNumberKit: 5b1be7ee4955dfeeb855f51eecdd829ab24b3484

PODFILE CHECKSUM: 02caaa843f6501172c0d470d80e72f61175c8b93

COCOAPODS: 1.12.1
